// !$*UTF8*$!
{
	archiveVersion = 1;
	classes = {
	};
	objectVersion = 50;
	objects = {

/* Begin PBXBuildFile section */
		4C67C9122138B47A00E72ADE /* AppDelegate.swift in Sources */ = {isa = PBXBuildFile; fileRef = 4C67C9112138B47A00E72ADE /* AppDelegate.swift */; };
		4C67C9142138B47A00E72ADE /* ViewController.swift in Sources */ = {isa = PBXBuildFile; fileRef = 4C67C9132138B47A00E72ADE /* ViewController.swift */; };
		4C67C9172138B47A00E72ADE /* Main.storyboard in Resources */ = {isa = PBXBuildFile; fileRef = 4C67C9152138B47A00E72ADE /* Main.storyboard */; };
		4C67C9192138B47B00E72ADE /* Assets.xcassets in Resources */ = {isa = PBXBuildFile; fileRef = 4C67C9182138B47B00E72ADE /* Assets.xcassets */; };
		4C67C91C2138B47B00E72ADE /* LaunchScreen.storyboard in Resources */ = {isa = PBXBuildFile; fileRef = 4C67C91A2138B47B00E72ADE /* LaunchScreen.storyboard */; };
		4C67C9272138B47B00E72ADE /* ISpyTests.swift in Sources */ = {isa = PBXBuildFile; fileRef = 4C67C9262138B47B00E72ADE /* ISpyTests.swift */; };
		4C67C9322138B47B00E72ADE /* ISpyUITests.swift in Sources */ = {isa = PBXBuildFile; fileRef = 4C67C9312138B47B00E72ADE /* ISpyUITests.swift */; };
/* End PBXBuildFile section */

/* Begin PBXContainerItemProxy section */
		4C67C9232138B47B00E72ADE /* PBXContainerItemProxy */ = {
			isa = PBXContainerItemProxy;
			containerPortal = 4C67C9062138B47A00E72ADE /* Project object */;
			proxyType = 1;
			remoteGlobalIDString = 4C67C90D2138B47A00E72ADE;
			remoteInfo = ISpy;
		};
		4C67C92E2138B47B00E72ADE /* PBXContainerItemProxy */ = {
			isa = PBXContainerItemProxy;
			containerPortal = 4C67C9062138B47A00E72ADE /* Project object */;
			proxyType = 1;
			remoteGlobalIDString = 4C67C90D2138B47A00E72ADE;
			remoteInfo = ISpy;
		};
/* End PBXContainerItemProxy section */

/* Begin PBXFileReference section */
		4C67C90E2138B47A00E72ADE /* ISpy.app */ = {isa = PBXFileReference; explicitFileType = wrapper.application; includeInIndex = 0; path = ISpy.app; sourceTree = BUILT_PRODUCTS_DIR; };
		4C67C9112138B47A00E72ADE /* AppDelegate.swift */ = {isa = PBXFileReference; lastKnownFileType = sourcecode.swift; path = AppDelegate.swift; sourceTree = "<group>"; };
		4C67C9132138B47A00E72ADE /* ViewController.swift */ = {isa = PBXFileReference; lastKnownFileType = sourcecode.swift; path = ViewController.swift; sourceTree = "<group>"; };
		4C67C9162138B47A00E72ADE /* Base */ = {isa = PBXFileReference; lastKnownFileType = file.storyboard; name = Base; path = Base.lproj/Main.storyboard; sourceTree = "<group>"; };
		4C67C9182138B47B00E72ADE /* Assets.xcassets */ = {isa = PBXFileReference; lastKnownFileType = folder.assetcatalog; path = Assets.xcassets; sourceTree = "<group>"; };
		4C67C91B2138B47B00E72ADE /* Base */ = {isa = PBXFileReference; lastKnownFileType = file.storyboard; name = Base; path = Base.lproj/LaunchScreen.storyboard; sourceTree = "<group>"; };
		4C67C91D2138B47B00E72ADE /* Info.plist */ = {isa = PBXFileReference; lastKnownFileType = text.plist.xml; path = Info.plist; sourceTree = "<group>"; };
		4C67C9222138B47B00E72ADE /* ISpyTests.xctest */ = {isa = PBXFileReference; explicitFileType = wrapper.cfbundle; includeInIndex = 0; path = ISpyTests.xctest; sourceTree = BUILT_PRODUCTS_DIR; };
		4C67C9262138B47B00E72ADE /* ISpyTests.swift */ = {isa = PBXFileReference; lastKnownFileType = sourcecode.swift; path = ISpyTests.swift; sourceTree = "<group>"; };
		4C67C9282138B47B00E72ADE /* Info.plist */ = {isa = PBXFileReference; lastKnownFileType = text.plist.xml; path = Info.plist; sourceTree = "<group>"; };
		4C67C92D2138B47B00E72ADE /* ISpyUITests.xctest */ = {isa = PBXFileReference; explicitFileType = wrapper.cfbundle; includeInIndex = 0; path = ISpyUITests.xctest; sourceTree = BUILT_PRODUCTS_DIR; };
		4C67C9312138B47B00E72ADE /* ISpyUITests.swift */ = {isa = PBXFileReference; lastKnownFileType = sourcecode.swift; path = ISpyUITests.swift; sourceTree = "<group>"; };
		4C67C9332138B47B00E72ADE /* Info.plist */ = {isa = PBXFileReference; lastKnownFileType = text.plist.xml; path = Info.plist; sourceTree = "<group>"; };
/* End PBXFileReference section */

/* Begin PBXFrameworksBuildPhase section */
		4C67C90B2138B47A00E72ADE /* Frameworks */ = {
			isa = PBXFrameworksBuildPhase;
			buildActionMask = 2147483647;
			files = (
			);
			runOnlyForDeploymentPostprocessing = 0;
		};
		4C67C91F2138B47B00E72ADE /* Frameworks */ = {
			isa = PBXFrameworksBuildPhase;
			buildActionMask = 2147483647;
			files = (
			);
			runOnlyForDeploymentPostprocessing = 0;
		};
		4C67C92A2138B47B00E72ADE /* Frameworks */ = {
			isa = PBXFrameworksBuildPhase;
			buildActionMask = 2147483647;
			files = (
			);
			runOnlyForDeploymentPostprocessing = 0;
		};
/* End PBXFrameworksBuildPhase section */

/* Begin PBXGroup section */
		4C67C9052138B47A00E72ADE = {
			isa = PBXGroup;
			children = (
				4C67C9102138B47A00E72ADE /* ISpy */,
				4C67C9252138B47B00E72ADE /* ISpyTests */,
				4C67C9302138B47B00E72ADE /* ISpyUITests */,
				4C67C90F2138B47A00E72ADE /* Products */,
			);
			sourceTree = "<group>";
		};
		4C67C90F2138B47A00E72ADE /* Products */ = {
			isa = PBXGroup;
			children = (
				4C67C90E2138B47A00E72ADE /* ISpy.app */,
				4C67C9222138B47B00E72ADE /* ISpyTests.xctest */,
				4C67C92D2138B47B00E72ADE /* ISpyUITests.xctest */,
			);
			name = Products;
			sourceTree = "<group>";
		};
		4C67C9102138B47A00E72ADE /* ISpy */ = {
			isa = PBXGroup;
			children = (
				4C67C9112138B47A00E72ADE /* AppDelegate.swift */,
				4C67C9132138B47A00E72ADE /* ViewController.swift */,
				4C67C9152138B47A00E72ADE /* Main.storyboard */,
				4C67C9182138B47B00E72ADE /* Assets.xcassets */,
				4C67C91A2138B47B00E72ADE /* LaunchScreen.storyboard */,
				4C67C91D2138B47B00E72ADE /* Info.plist */,
			);
			path = ISpy;
			sourceTree = "<group>";
		};
		4C67C9252138B47B00E72ADE /* ISpyTests */ = {
			isa = PBXGroup;
			children = (
				4C67C9262138B47B00E72ADE /* ISpyTests.swift */,
				4C67C9282138B47B00E72ADE /* Info.plist */,
			);
			path = ISpyTests;
			sourceTree = "<group>";
		};
		4C67C9302138B47B00E72ADE /* ISpyUITests */ = {
			isa = PBXGroup;
			children = (
				4C67C9312138B47B00E72ADE /* ISpyUITests.swift */,
				4C67C9332138B47B00E72ADE /* Info.plist */,
			);
			path = ISpyUITests;
			sourceTree = "<group>";
		};
/* End PBXGroup section */

/* Begin PBXNativeTarget section */
		4C67C90D2138B47A00E72ADE /* ISpy */ = {
			isa = PBXNativeTarget;
			buildConfigurationList = 4C67C9362138B47B00E72ADE /* Build configuration list for PBXNativeTarget "ISpy" */;
			buildPhases = (
				4C67C90A2138B47A00E72ADE /* Sources */,
				4C67C90B2138B47A00E72ADE /* Frameworks */,
				4C67C90C2138B47A00E72ADE /* Resources */,
			);
			buildRules = (
			);
			dependencies = (
			);
			name = ISpy;
			productName = ISpy;
			productReference = 4C67C90E2138B47A00E72ADE /* ISpy.app */;
			productType = "com.apple.product-type.application";
		};
		4C67C9212138B47B00E72ADE /* ISpyTests */ = {
			isa = PBXNativeTarget;
			buildConfigurationList = 4C67C9392138B47B00E72ADE /* Build configuration list for PBXNativeTarget "ISpyTests" */;
			buildPhases = (
				4C67C91E2138B47B00E72ADE /* Sources */,
				4C67C91F2138B47B00E72ADE /* Frameworks */,
				4C67C9202138B47B00E72ADE /* Resources */,
			);
			buildRules = (
			);
			dependencies = (
				4C67C9242138B47B00E72ADE /* PBXTargetDependency */,
			);
			name = ISpyTests;
			productName = ISpyTests;
			productReference = 4C67C9222138B47B00E72ADE /* ISpyTests.xctest */;
			productType = "com.apple.product-type.bundle.unit-test";
		};
		4C67C92C2138B47B00E72ADE /* ISpyUITests */ = {
			isa = PBXNativeTarget;
			buildConfigurationList = 4C67C93C2138B47B00E72ADE /* Build configuration list for PBXNativeTarget "ISpyUITests" */;
			buildPhases = (
				4C67C9292138B47B00E72ADE /* Sources */,
				4C67C92A2138B47B00E72ADE /* Frameworks */,
				4C67C92B2138B47B00E72ADE /* Resources */,
			);
			buildRules = (
			);
			dependencies = (
				4C67C92F2138B47B00E72ADE /* PBXTargetDependency */,
			);
			name = ISpyUITests;
			productName = ISpyUITests;
			productReference = 4C67C92D2138B47B00E72ADE /* ISpyUITests.xctest */;
			productType = "com.apple.product-type.bundle.ui-testing";
		};
/* End PBXNativeTarget section */

/* Begin PBXProject section */
		4C67C9062138B47A00E72ADE /* Project object */ = {
			isa = PBXProject;
			attributes = {
				LastSwiftUpdateCheck = 0940;
				LastUpgradeCheck = 0940;
				ORGANIZATIONNAME = "Fernando De La Rosa";
				TargetAttributes = {
					4C67C90D2138B47A00E72ADE = {
						CreatedOnToolsVersion = 9.4.1;
					};
					4C67C9212138B47B00E72ADE = {
						CreatedOnToolsVersion = 9.4.1;
						TestTargetID = 4C67C90D2138B47A00E72ADE;
					};
					4C67C92C2138B47B00E72ADE = {
						CreatedOnToolsVersion = 9.4.1;
						TestTargetID = 4C67C90D2138B47A00E72ADE;
					};
				};
			};
			buildConfigurationList = 4C67C9092138B47A00E72ADE /* Build configuration list for PBXProject "ISpy" */;
			compatibilityVersion = "Xcode 9.3";
			developmentRegion = en;
			hasScannedForEncodings = 0;
			knownRegions = (
				en,
				Base,
			);
			mainGroup = 4C67C9052138B47A00E72ADE;
			productRefGroup = 4C67C90F2138B47A00E72ADE /* Products */;
			projectDirPath = "";
			projectRoot = "";
			targets = (
				4C67C90D2138B47A00E72ADE /* ISpy */,
				4C67C9212138B47B00E72ADE /* ISpyTests */,
				4C67C92C2138B47B00E72ADE /* ISpyUITests */,
			);
		};
/* End PBXProject section */

/* Begin PBXResourcesBuildPhase section */
		4C67C90C2138B47A00E72ADE /* Resources */ = {
			isa = PBXResourcesBuildPhase;
			buildActionMask = 2147483647;
			files = (
				4C67C91C2138B47B00E72ADE /* LaunchScreen.storyboard in Resources */,
				4C67C9192138B47B00E72ADE /* Assets.xcassets in Resources */,
				4C67C9172138B47A00E72ADE /* Main.storyboard in Resources */,
			);
			runOnlyForDeploymentPostprocessing = 0;
		};
		4C67C9202138B47B00E72ADE /* Resources */ = {
			isa = PBXResourcesBuildPhase;
			buildActionMask = 2147483647;
			files = (
			);
			runOnlyForDeploymentPostprocessing = 0;
		};
		4C67C92B2138B47B00E72ADE /* Resources */ = {
			isa = PBXResourcesBuildPhase;
			buildActionMask = 2147483647;
			files = (
			);
			runOnlyForDeploymentPostprocessing = 0;
		};
/* End PBXResourcesBuildPhase section */

/* Begin PBXSourcesBuildPhase section */
		4C67C90A2138B47A00E72ADE /* Sources */ = {
			isa = PBXSourcesBuildPhase;
			buildActionMask = 2147483647;
			files = (
				4C67C9142138B47A00E72ADE /* ViewController.swift in Sources */,
				4C67C9122138B47A00E72ADE /* AppDelegate.swift in Sources */,
			);
			runOnlyForDeploymentPostprocessing = 0;
		};
		4C67C91E2138B47B00E72ADE /* Sources */ = {
			isa = PBXSourcesBuildPhase;
			buildActionMask = 2147483647;
			files = (
				4C67C9272138B47B00E72ADE /* ISpyTests.swift in Sources */,
			);
			runOnlyForDeploymentPostprocessing = 0;
		};
		4C67C9292138B47B00E72ADE /* Sources */ = {
			isa = PBXSourcesBuildPhase;
			buildActionMask = 2147483647;
			files = (
				4C67C9322138B47B00E72ADE /* ISpyUITests.swift in Sources */,
			);
			runOnlyForDeploymentPostprocessing = 0;
		};
/* End PBXSourcesBuildPhase section */

/* Begin PBXTargetDependency section */
		4C67C9242138B47B00E72ADE /* PBXTargetDependency */ = {
			isa = PBXTargetDependency;
			target = 4C67C90D2138B47A00E72ADE /* ISpy */;
			targetProxy = 4C67C9232138B47B00E72ADE /* PBXContainerItemProxy */;
		};
		4C67C92F2138B47B00E72ADE /* PBXTargetDependency */ = {
			isa = PBXTargetDependency;
			target = 4C67C90D2138B47A00E72ADE /* ISpy */;
			targetProxy = 4C67C92E2138B47B00E72ADE /* PBXContainerItemProxy */;
		};
/* End PBXTargetDependency section */

/* Begin PBXVariantGroup section */
		4C67C9152138B47A00E72ADE /* Main.storyboard */ = {
			isa = PBXVariantGroup;
			children = (
				4C67C9162138B47A00E72ADE /* Base */,
			);
			name = Main.storyboard;
			sourceTree = "<group>";
		};
		4C67C91A2138B47B00E72ADE /* LaunchScreen.storyboard */ = {
			isa = PBXVariantGroup;
			children = (
				4C67C91B2138B47B00E72ADE /* Base */,
			);
			name = LaunchScreen.storyboard;
			sourceTree = "<group>";
		};
/* End PBXVariantGroup section */

/* Begin XCBuildConfiguration section */
		4C67C9342138B47B00E72ADE /* Debug */ = {
			isa = XCBuildConfiguration;
			buildSettings = {
				ALWAYS_SEARCH_USER_PATHS = NO;
				CLANG_ANALYZER_NONNULL = YES;
				CLANG_ANALYZER_NUMBER_OBJECT_CONVERSION = YES_AGGRESSIVE;
				CLANG_CXX_LANGUAGE_STANDARD = "gnu++14";
				CLANG_CXX_LIBRARY = "libc++";
				CLANG_ENABLE_MODULES = YES;
				CLANG_ENABLE_OBJC_ARC = YES;
				CLANG_ENABLE_OBJC_WEAK = YES;
				CLANG_WARN_BLOCK_CAPTURE_AUTORELEASING = YES;
				CLANG_WARN_BOOL_CONVERSION = YES;
				CLANG_WARN_COMMA = YES;
				CLANG_WARN_CONSTANT_CONVERSION = YES;
				CLANG_WARN_DEPRECATED_OBJC_IMPLEMENTATIONS = YES;
				CLANG_WARN_DIRECT_OBJC_ISA_USAGE = YES_ERROR;
				CLANG_WARN_DOCUMENTATION_COMMENTS = YES;
				CLANG_WARN_EMPTY_BODY = YES;
				CLANG_WARN_ENUM_CONVERSION = YES;
				CLANG_WARN_INFINITE_RECURSION = YES;
				CLANG_WARN_INT_CONVERSION = YES;
				CLANG_WARN_NON_LITERAL_NULL_CONVERSION = YES;
				CLANG_WARN_OBJC_IMPLICIT_RETAIN_SELF = YES;
				CLANG_WARN_OBJC_LITERAL_CONVERSION = YES;
				CLANG_WARN_OBJC_ROOT_CLASS = YES_ERROR;
				CLANG_WARN_RANGE_LOOP_ANALYSIS = YES;
				CLANG_WARN_STRICT_PROTOTYPES = YES;
				CLANG_WARN_SUSPICIOUS_MOVE = YES;
				CLANG_WARN_UNGUARDED_AVAILABILITY = YES_AGGRESSIVE;
				CLANG_WARN_UNREACHABLE_CODE = YES;
				CLANG_WARN__DUPLICATE_METHOD_MATCH = YES;
				CODE_SIGN_IDENTITY = "iPhone Developer";
				COPY_PHASE_STRIP = NO;
				DEBUG_INFORMATION_FORMAT = dwarf;
				ENABLE_STRICT_OBJC_MSGSEND = YES;
				ENABLE_TESTABILITY = YES;
				GCC_C_LANGUAGE_STANDARD = gnu11;
				GCC_DYNAMIC_NO_PIC = NO;
				GCC_NO_COMMON_BLOCKS = YES;
				GCC_OPTIMIZATION_LEVEL = 0;
				GCC_PREPROCESSOR_DEFINITIONS = (
					"DEBUG=1",
					"$(inherited)",
				);
				GCC_WARN_64_TO_32_BIT_CONVERSION = YES;
				GCC_WARN_ABOUT_RETURN_TYPE = YES_ERROR;
				GCC_WARN_UNDECLARED_SELECTOR = YES;
				GCC_WARN_UNINITIALIZED_AUTOS = YES_AGGRESSIVE;
				GCC_WARN_UNUSED_FUNCTION = YES;
				GCC_WARN_UNUSED_VARIABLE = YES;
				IPHONEOS_DEPLOYMENT_TARGET = 11.4;
				MTL_ENABLE_DEBUG_INFO = YES;
				ONLY_ACTIVE_ARCH = YES;
				SDKROOT = iphoneos;
				SWIFT_ACTIVE_COMPILATION_CONDITIONS = DEBUG;
				SWIFT_OPTIMIZATION_LEVEL = "-Onone";
			};
			name = Debug;
		};
		4C67C9352138B47B00E72ADE /* Release */ = {
			isa = XCBuildConfiguration;
			buildSettings = {
				ALWAYS_SEARCH_USER_PATHS = NO;
				CLANG_ANALYZER_NONNULL = YES;
				CLANG_ANALYZER_NUMBER_OBJECT_CONVERSION = YES_AGGRESSIVE;
				CLANG_CXX_LANGUAGE_STANDARD = "gnu++14";
				CLANG_CXX_LIBRARY = "libc++";
				CLANG_ENABLE_MODULES = YES;
				CLANG_ENABLE_OBJC_ARC = YES;
				CLANG_ENABLE_OBJC_WEAK = YES;
				CLANG_WARN_BLOCK_CAPTURE_AUTORELEASING = YES;
				CLANG_WARN_BOOL_CONVERSION = YES;
				CLANG_WARN_COMMA = YES;
				CLANG_WARN_CONSTANT_CONVERSION = YES;
				CLANG_WARN_DEPRECATED_OBJC_IMPLEMENTATIONS = YES;
				CLANG_WARN_DIRECT_OBJC_ISA_USAGE = YES_ERROR;
				CLANG_WARN_DOCUMENTATION_COMMENTS = YES;
				CLANG_WARN_EMPTY_BODY = YES;
				CLANG_WARN_ENUM_CONVERSION = YES;
				CLANG_WARN_INFINITE_RECURSION = YES;
				CLANG_WARN_INT_CONVERSION = YES;
				CLANG_WARN_NON_LITERAL_NULL_CONVERSION = YES;
				CLANG_WARN_OBJC_IMPLICIT_RETAIN_SELF = YES;
				CLANG_WARN_OBJC_LITERAL_CONVERSION = YES;
				CLANG_WARN_OBJC_ROOT_CLASS = YES_ERROR;
				CLANG_WARN_RANGE_LOOP_ANALYSIS = YES;
				CLANG_WARN_STRICT_PROTOTYPES = YES;
				CLANG_WARN_SUSPICIOUS_MOVE = YES;
				CLANG_WARN_UNGUARDED_AVAILABILITY = YES_AGGRESSIVE;
				CLANG_WARN_UNREACHABLE_CODE = YES;
				CLANG_WARN__DUPLICATE_METHOD_MATCH = YES;
				CODE_SIGN_IDENTITY = "iPhone Developer";
				COPY_PHASE_STRIP = NO;
				DEBUG_INFORMATION_FORMAT = "dwarf-with-dsym";
				ENABLE_NS_ASSERTIONS = NO;
				ENABLE_STRICT_OBJC_MSGSEND = YES;
				GCC_C_LANGUAGE_STANDARD = gnu11;
				GCC_NO_COMMON_BLOCKS = YES;
				GCC_WARN_64_TO_32_BIT_CONVERSION = YES;
				GCC_WARN_ABOUT_RETURN_TYPE = YES_ERROR;
				GCC_WARN_UNDECLARED_SELECTOR = YES;
				GCC_WARN_UNINITIALIZED_AUTOS = YES_AGGRESSIVE;
				GCC_WARN_UNUSED_FUNCTION = YES;
				GCC_WARN_UNUSED_VARIABLE = YES;
				IPHONEOS_DEPLOYMENT_TARGET = 11.4;
				MTL_ENABLE_DEBUG_INFO = NO;
				SDKROOT = iphoneos;
				SWIFT_COMPILATION_MODE = wholemodule;
				SWIFT_OPTIMIZATION_LEVEL = "-O";
				VALIDATE_PRODUCT = YES;
			};
			name = Release;
		};
		4C67C9372138B47B00E72ADE /* Debug */ = {
			isa = XCBuildConfiguration;
			buildSettings = {
				ASSETCATALOG_COMPILER_APPICON_NAME = AppIcon;
				CODE_SIGN_STYLE = Automatic;
				INFOPLIST_FILE = ISpy/Info.plist;
				LD_RUNPATH_SEARCH_PATHS = (
					"$(inherited)",
					"@executable_path/Frameworks",
				);
				PRODUCT_BUNDLE_IDENTIFIER = projectOne.ISpy;
				PRODUCT_NAME = "$(TARGET_NAME)";
				SWIFT_VERSION = 4.0;
				TARGETED_DEVICE_FAMILY = "1,2";
			};
			name = Debug;
		};
		4C67C9382138B47B00E72ADE /* Release */ = {
			isa = XCBuildConfiguration;
			buildSettings = {
				ASSETCATALOG_COMPILER_APPICON_NAME = AppIcon;
				CODE_SIGN_STYLE = Automatic;
				INFOPLIST_FILE = ISpy/Info.plist;
				LD_RUNPATH_SEARCH_PATHS = (
					"$(inherited)",
					"@executable_path/Frameworks",
				);
				PRODUCT_BUNDLE_IDENTIFIER = projectOne.ISpy;
				PRODUCT_NAME = "$(TARGET_NAME)";
				SWIFT_VERSION = 4.0;
				TARGETED_DEVICE_FAMILY = "1,2";
			};
			name = Release;
		};
		4C67C93A2138B47B00E72ADE /* Debug */ = {
			isa = XCBuildConfiguration;
			buildSettings = {
				ALWAYS_EMBED_SWIFT_STANDARD_LIBRARIES = YES;
				BUNDLE_LOADER = "$(TEST_HOST)";
				CODE_SIGN_STYLE = Automatic;
				INFOPLIST_FILE = ISpyTests/Info.plist;
				LD_RUNPATH_SEARCH_PATHS = (
					"$(inherited)",
					"@executable_path/Frameworks",
					"@loader_path/Frameworks",
				);
				PRODUCT_BUNDLE_IDENTIFIER = projectOne.ISpyTests;
				PRODUCT_NAME = "$(TARGET_NAME)";
				SWIFT_VERSION = 4.0;
				TARGETED_DEVICE_FAMILY = "1,2";
				TEST_HOST = "$(BUILT_PRODUCTS_DIR)/ISpy.app/ISpy";
			};
			name = Debug;
		};
		4C67C93B2138B47B00E72ADE /* Release */ = {
			isa = XCBuildConfiguration;
			buildSettings = {
				ALWAYS_EMBED_SWIFT_STANDARD_LIBRARIES = YES;
				BUNDLE_LOADER = "$(TEST_HOST)";
				CODE_SIGN_STYLE = Automatic;
				INFOPLIST_FILE = ISpyTests/Info.plist;
				LD_RUNPATH_SEARCH_PATHS = (
					"$(inherited)",
					"@executable_path/Frameworks",
					"@loader_path/Frameworks",
				);
				PRODUCT_BUNDLE_IDENTIFIER = projectOne.ISpyTests;
				PRODUCT_NAME = "$(TARGET_NAME)";
				SWIFT_VERSION = 4.0;
				TARGETED_DEVICE_FAMILY = "1,2";
				TEST_HOST = "$(BUILT_PRODUCTS_DIR)/ISpy.app/ISpy";
			};
			name = Release;
		};
		4C67C93D2138B47B00E72ADE /* Debug */ = {
			isa = XCBuildConfiguration;
			buildSettings = {
				ALWAYS_EMBED_SWIFT_STANDARD_LIBRARIES = YES;
				CODE_SIGN_STYLE = Automatic;
				INFOPLIST_FILE = ISpyUITests/Info.plist;
				LD_RUNPATH_SEARCH_PATHS = (
					"$(inherited)",
					"@executable_path/Frameworks",
					"@loader_path/Frameworks",
				);
				PRODUCT_BUNDLE_IDENTIFIER = projectOne.ISpyUITests;
				PRODUCT_NAME = "$(TARGET_NAME)";
				SWIFT_VERSION = 4.0;
				TARGETED_DEVICE_FAMILY = "1,2";
				TEST_TARGET_NAME = ISpy;
			};
			name = Debug;
		};
		4C67C93E2138B47B00E72ADE /* Release */ = {
			isa = XCBuildConfiguration;
			buildSettings = {
				ALWAYS_EMBED_SWIFT_STANDARD_LIBRARIES = YES;
				CODE_SIGN_STYLE = Automatic;
				INFOPLIST_FILE = ISpyUITests/Info.plist;
				LD_RUNPATH_SEARCH_PATHS = (
					"$(inherited)",
					"@executable_path/Frameworks",
					"@loader_path/Frameworks",
				);
				PRODUCT_BUNDLE_IDENTIFIER = projectOne.ISpyUITests;
				PRODUCT_NAME = "$(TARGET_NAME)";
				SWIFT_VERSION = 4.0;
				TARGETED_DEVICE_FAMILY = "1,2";
				TEST_TARGET_NAME = ISpy;
			};
			name = Release;
		};
/* End XCBuildConfiguration section */

/* Begin XCConfigurationList section */
		4C67C9092138B47A00E72ADE /* Build configuration list for PBXProject "ISpy" */ = {
			isa = XCConfigurationList;
			buildConfigurations = (
				4C67C9342138B47B00E72ADE /* Debug */,
				4C67C9352138B47B00E72ADE /* Release */,
			);
			defaultConfigurationIsVisible = 0;
			defaultConfigurationName = Release;
		};
		4C67C9362138B47B00E72ADE /* Build configuration list for PBXNativeTarget "ISpy" */ = {
			isa = XCConfigurationList;
			buildConfigurations = (
				4C67C9372138B47B00E72ADE /* Debug */,
				4C67C9382138B47B00E72ADE /* Release */,
			);
			defaultConfigurationIsVisible = 0;
			defaultConfigurationName = Release;
		};
		4C67C9392138B47B00E72ADE /* Build configuration list for PBXNativeTarget "ISpyTests" */ = {
			isa = XCConfigurationList;
			buildConfigurations = (
				4C67C93A2138B47B00E72ADE /* Debug */,
				4C67C93B2138B47B00E72ADE /* Release */,
			);
			defaultConfigurationIsVisible = 0;
			defaultConfigurationName = Release;
		};
		4C67C93C2138B47B00E72ADE /* Build configuration list for PBXNativeTarget "ISpyUITests" */ = {
			isa = XCConfigurationList;
			buildConfigurations = (
				4C67C93D2138B47B00E72ADE /* Debug */,
				4C67C93E2138B47B00E72ADE /* Release */,
			);
			defaultConfigurationIsVisible = 0;
			defaultConfigurationName = Release;
		};
/* End XCConfigurationList section */
	};
	rootObject = 4C67C9062138B47A00E72ADE /* Project object */;
}
